
Microsoft Visual Studio Solution File, Format Version 12.00
# Visual Studio Version 17
VisualStudioVersion = 17.8.34330.188
MinimumVisualStudioVersion = 10.0.40219.1
Project("{FAE04EC0-301F-11D3-BF4B-00C04F79EFBC}") = "YarikOOP19", "YarikOOP19\YarikOOP19.csproj", "{0D968D92-CA9F-4D28-A546-0F6C6EE9C814}"
EndProject
Global
	GlobalSection(SolutionConfigurationPlatforms) = preSolution
		Debug|Any CPU = Debug|Any CPU
		Release|Any CPU = Release|Any CPU
	EndGlobalSection
	GlobalSection(ProjectConfigurationPlatforms) = postSolution
		{0D968D92-CA9F-4D28-A546-0F6C6EE9C814}.Debug|Any CPU.ActiveCfg = Debug|Any CPU
		{0D968D92-CA9F-4D28-A546-0F6C6EE9C814}.Debug|Any CPU.Build.0 = Debug|Any CPU
		{0D968D92-CA9F-4D28-A546-0F6C6EE9C814}.Release|Any CPU.ActiveCfg = Release|Any CPU
		{0D968D92-CA9F-4D28-A546-0F6C6EE9C814}.Release|Any CPU.Build.0 = Release|Any CPU
	EndGlobalSection
	GlobalSection(SolutionProperties) = preSolution
		HideSolutionNode = FALSE
	EndGlobalSection
	GlobalSection(ExtensibilityGlobals) = postSolution
		SolutionGuid = {6058DDB7-79EF-4F6A-8601-6F7ED240B5DB}
	EndGlobalSection
EndGlobal
