
Microsoft Visual Studio Solution File, Format Version 12.00
# Visual Studio Version 17
VisualStudioVersion = 17.8.34330.188
MinimumVisualStudioVersion = 10.0.40219.1
Project("{FAE04EC0-301F-11D3-BF4B-00C04F79EFBC}") = "Yaroslav OOP16", "Yaroslav OOP16\Yaroslav OOP16.csproj", "{7BFE39FC-24FB-4360-83BB-5FAB83821CA8}"
EndProject
Global
	GlobalSection(SolutionConfigurationPlatforms) = preSolution
		Debug|Any CPU = Debug|Any CPU
		Release|Any CPU = Release|Any CPU
	EndGlobalSection
	GlobalSection(ProjectConfigurationPlatforms) = postSolution
		{7BFE39FC-24FB-4360-83BB-5FAB83821CA8}.Debug|Any CPU.ActiveCfg = Debug|Any CPU
		{7BFE39FC-24FB-4360-83BB-5FAB83821CA8}.Debug|Any CPU.Build.0 = Debug|Any CPU
		{7BFE39FC-24FB-4360-83BB-5FAB83821CA8}.Release|Any CPU.ActiveCfg = Release|Any CPU
		{7BFE39FC-24FB-4360-83BB-5FAB83821CA8}.Release|Any CPU.Build.0 = Release|Any CPU
	EndGlobalSection
	GlobalSection(SolutionProperties) = preSolution
		HideSolutionNode = FALSE
	EndGlobalSection
	GlobalSection(ExtensibilityGlobals) = postSolution
		SolutionGuid = {C49394B0-D594-4839-AE2D-9882BCFFC66C}
	EndGlobalSection
EndGlobal
