
Microsoft Visual Studio Solution File, Format Version 12.00
# Visual Studio Version 17
VisualStudioVersion = 17.4.33205.214
MinimumVisualStudioVersion = 10.0.40219.1
Project("{8BC9CEB8-8B4A-11D0-8D11-00A0C91BC942}") = "AtmClient", "AtmClient\AtmClient.vcxproj", "{A169198C-61CA-4391-A51E-FE99BC384AF6}"
EndProject
Global
	GlobalSection(SolutionConfigurationPlatforms) = preSolution
		Debug|x64 = Debug|x64
		Debug|x86 = Debug|x86
		Release|x64 = Release|x64
		Release|x86 = Release|x86
	EndGlobalSection
	GlobalSection(ProjectConfigurationPlatforms) = postSolution
		{A169198C-61CA-4391-A51E-FE99BC384AF6}.Debug|x64.ActiveCfg = Debug|x64
		{A169198C-61CA-4391-A51E-FE99BC384AF6}.Debug|x64.Build.0 = Debug|x64
		{A169198C-61CA-4391-A51E-FE99BC384AF6}.Debug|x86.ActiveCfg = Debug|Win32
		{A169198C-61CA-4391-A51E-FE99BC384AF6}.Debug|x86.Build.0 = Debug|Win32
		{A169198C-61CA-4391-A51E-FE99BC384AF6}.Release|x64.ActiveCfg = Release|x64
		{A169198C-61CA-4391-A51E-FE99BC384AF6}.Release|x64.Build.0 = Release|x64
		{A169198C-61CA-4391-A51E-FE99BC384AF6}.Release|x86.ActiveCfg = Release|Win32
		{A169198C-61CA-4391-A51E-FE99BC384AF6}.Release|x86.Build.0 = Release|Win32
	EndGlobalSection
	GlobalSection(SolutionProperties) = preSolution
		HideSolutionNode = FALSE
	EndGlobalSection
	GlobalSection(ExtensibilityGlobals) = postSolution
		SolutionGuid = {8A901C22-5DBE-4A36-B15A-7540D2883D26}
	EndGlobalSection
EndGlobal
